
Microsoft Visual Studio Solution File, Format Version 12.00
# Visual Studio 15
VisualStudioVersion = 15.0.28307.102
MinimumVisualStudioVersion = 10.0.40219.1
Project("{8BC9CEB8-8B4A-11D0-8D11-00A0C91BC942}") = "SinglePhotonLidar", "SinglePhotonLidar\SinglePhotonLidar.vcxproj", "{6296CEDC-9628-49D8-951B-1FCD864C3496}"
EndProject
Global
	GlobalSection(SolutionConfigurationPlatforms) = preSolution
		Debug|x64 = Debug|x64
		Debug|x86 = Debug|x86
		Release|x64 = Release|x64
		Release|x86 = Release|x86
	EndGlobalSection
	GlobalSection(ProjectConfigurationPlatforms) = postSolution
		{6296CEDC-9628-49D8-951B-1FCD864C3496}.Debug|x64.ActiveCfg = Debug|x64
		{6296CEDC-9628-49D8-951B-1FCD864C3496}.Debug|x64.Build.0 = Debug|x64
		{6296CEDC-9628-49D8-951B-1FCD864C3496}.Debug|x86.ActiveCfg = Debug|Win32
		{6296CEDC-9628-49D8-951B-1FCD864C3496}.Debug|x86.Build.0 = Debug|Win32
		{6296CEDC-9628-49D8-951B-1FCD864C3496}.Release|x64.ActiveCfg = Release|x64
		{6296CEDC-9628-49D8-951B-1FCD864C3496}.Release|x64.Build.0 = Release|x64
		{6296CEDC-9628-49D8-951B-1FCD864C3496}.Release|x86.ActiveCfg = Release|Win32
		{6296CEDC-9628-49D8-951B-1FCD864C3496}.Release|x86.Build.0 = Release|Win32
	EndGlobalSection
	GlobalSection(SolutionProperties) = preSolution
		HideSolutionNode = FALSE
	EndGlobalSection
	GlobalSection(ExtensibilityGlobals) = postSolution
		SolutionGuid = {22CF69E4-83A5-4C59-8B7C-A6E82CA8FB3C}
	EndGlobalSection
EndGlobal
